
Microsoft Visual Studio Solution File, Format Version 12.00
Project("{FAE04EC0-301F-11D3-BF4B-00C04F79EFBC}") = "UI4", "UI4.csproj", "{CFFDBD04-EC30-4A21-9853-0F888A5B264A}"
EndProject
Global
	GlobalSection(SolutionConfigurationPlatforms) = preSolution
		Debug|Any CPU = Debug|Any CPU
		Release|Any CPU = Release|Any CPU
	EndGlobalSection
	GlobalSection(ProjectConfigurationPlatforms) = postSolution
		{CFFDBD04-EC30-4A21-9853-0F888A5B264A}.Debug|Any CPU.ActiveCfg = Debug|Any CPU
		{CFFDBD04-EC30-4A21-9853-0F888A5B264A}.Debug|Any CPU.Build.0 = Debug|Any CPU
		{CFFDBD04-EC30-4A21-9853-0F888A5B264A}.Release|Any CPU.ActiveCfg = Release|Any CPU
		{CFFDBD04-EC30-4A21-9853-0F888A5B264A}.Release|Any CPU.Build.0 = Release|Any CPU
	EndGlobalSection
EndGlobal
