
Microsoft Visual Studio Solution File, Format Version 12.00
Project("{FAE04EC0-301F-11D3-BF4B-00C04F79EFBC}") = "Meet", "Meet\Meet.csproj", "{981929DB-3121-4A6D-8B09-932E26401282}"
EndProject
Global
	GlobalSection(SolutionConfigurationPlatforms) = preSolution
		Debug|Any CPU = Debug|Any CPU
		Release|Any CPU = Release|Any CPU
	EndGlobalSection
	GlobalSection(ProjectConfigurationPlatforms) = postSolution
		{981929DB-3121-4A6D-8B09-932E26401282}.Debug|Any CPU.ActiveCfg = Debug|Any CPU
		{981929DB-3121-4A6D-8B09-932E26401282}.Debug|Any CPU.Build.0 = Debug|Any CPU
		{981929DB-3121-4A6D-8B09-932E26401282}.Release|Any CPU.ActiveCfg = Release|Any CPU
		{981929DB-3121-4A6D-8B09-932E26401282}.Release|Any CPU.Build.0 = Release|Any CPU
	EndGlobalSection
EndGlobal
