
Microsoft Visual Studio Solution File, Format Version 12.00
Project("{FAE04EC0-301F-11D3-BF4B-00C04F79EFBC}") = "UI5", "UI5.csproj", "{578E0B41-DA6F-45DC-BE17-CAB89516D092}"
EndProject
Global
	GlobalSection(SolutionConfigurationPlatforms) = preSolution
		Debug|Any CPU = Debug|Any CPU
		Release|Any CPU = Release|Any CPU
	EndGlobalSection
	GlobalSection(ProjectConfigurationPlatforms) = postSolution
		{578E0B41-DA6F-45DC-BE17-CAB89516D092}.Debug|Any CPU.ActiveCfg = Debug|Any CPU
		{578E0B41-DA6F-45DC-BE17-CAB89516D092}.Debug|Any CPU.Build.0 = Debug|Any CPU
		{578E0B41-DA6F-45DC-BE17-CAB89516D092}.Release|Any CPU.ActiveCfg = Release|Any CPU
		{578E0B41-DA6F-45DC-BE17-CAB89516D092}.Release|Any CPU.Build.0 = Release|Any CPU
	EndGlobalSection
EndGlobal
